{
  "version": 4,
  "terraform_version": "1.10.5",
  "serial": 6,
  "lineage": "f04db2c7-1bb2-03e8-770a-41bd834bdc91",
  "outputs": {
    "aws_auth_configmap_name": {
      "value": "aws-auth",
      "type": "string"
    },
    "cluster_name": {
      "value": "focusboard-eks-cluster",
      "type": "string"
    },
    "storage_class_name": {
      "value": "ebs-gp3",
      "type": "string"
    }
  },
  "resources": [
    {
      "mode": "data",
      "type": "aws_eks_cluster",
      "name": "focusboard",
      "provider": "provider[\"registry.terraform.io/hashicorp/aws\"]",
      "instances": [
        {
          "schema_version": 0,
          "attributes": {
            "access_config": [
              {
                "authentication_mode": "API_AND_CONFIG_MAP",
                "bootstrap_cluster_creator_admin_permissions": true
              }
            ],
            "arn": "arn:aws:eks:us-east-1:557690612191:cluster/focusboard-eks-cluster",
            "certificate_authority": [
              {
                "data": "LS0tLS1CRUdJTiBDRVJUSUZJQ0FURS0tLS0tCk1JSURCVENDQWUyZ0F3SUJBZ0lJR0dKWnJQZEFoQUV3RFFZSktvWklodmNOQVFFTEJRQXdGVEVUTUJFR0ExVUUKQXhNS2EzVmlaWEp1WlhSbGN6QWVGdzB5TmpBME16QXdPVEEwTlRSYUZ3MHpOakEwTWpjd09UQTVOVFJhTUJVeApFekFSQmdOVkJBTVRDbXQxWW1WeWJtVjBaWE13Z2dFaU1BMEdDU3FHU0liM0RRRUJBUVVBQTRJQkR3QXdnZ0VLCkFvSUJBUUNyS1pGRG1GNUZwM3E5MDJkei9RLzJMQ0dSWm9OYkJQQjc2ZXJPT25MbnJXRG5yWGFJeWNlRDQzUDQKbDFxMnRNcjhFVnFWa0pkQ3JoYUdYQWREREVVN1h4dXhyODZialROL3pNdzZNYS9aRWU5MDN5cHcrdWNmUnZKRwpxMmloSFYyY1dYVWNYemIwN2ZjR0JtODFwMVJ1N01Od2UwT3Z3RG9OajU2N1dPL0krbCtYYllSMU5DTXJCcktTCm9RR0ZSV2kvZ00raUNkK0VjTmU2aUpENVIwdDdmL0xuMVRudDZDRTJmLzMxOGxLTHJVaXk1OW5acXA3TlB0WmoKeC9OQ3ZoazljT3NQMFdlMWl2ZFV4b3grSGVLNDZHVGQwQ1FlT21tV01PcmFYbm1FVkFPbEY3S3EzUlAwNmNpSgpSSWpCN1lHTDNHT0lqckRNb1ZITTY1azM3ejN4QWdNQkFBR2pXVEJYTUE0R0ExVWREd0VCL3dRRUF3SUNwREFQCkJnTlZIUk1CQWY4RUJUQURBUUgvTUIwR0ExVWREZ1FXQkJTSlc3RC9UUXNoZXRWZ0diMkdZdWRoN1YxZnJ6QVYKQmdOVkhSRUVEakFNZ2dwcmRXSmxjbTVsZEdWek1BMEdDU3FHU0liM0RRRUJDd1VBQTRJQkFRQXNSU2RMc2liTgpqQk45dUt0WDd1VXc2WGdCK3g0a3RyNmNxMEhhOGVuQVhVT2J2OFc5OTZJMC84L3pkT2FrRGVLOEkxSVJPcjNzClZucllsdTVBejBWWHJ2RHNsaUJCc09WcDNWUFFjbmZIeFVpekJtajRMUlFMeGlYdTQ1STd5SkJrYTVOa3JzbFYKMUN2YUFlbmZkR0h4Z0JQT0xuazRHL3pzN3F6NFNjd3hFaG1jWUY3S1FZK0kxWWJ5Sm5JTFRQYzc1RmVNZzQwYgpvdk1vMkpiaXM0VzNKZjdoSXQrWDhpbDAwdHBkbk1kYnptWHVxY0drc3VEdEFmU0RqNkhVYm11a1NPWTVFUDRBCmt5M3pES2gweXJrL0tKNUxqS1laSmpjd0ZRTkE3Vy9NL3M4QUt0M1o2WFUrZlgzZCtlejJHNGxiTHNJei9OQVYKVHZMa2dYWjhxVU1VCi0tLS0tRU5EIENFUlRJRklDQVRFLS0tLS0K"
              }
            ],
            "cluster_id": null,
            "compute_config": [
              {
                "enabled": false,
                "node_pools": [],
                "node_role_arn": ""
              }
            ],
            "control_plane_scaling_config": [
              {
                "tier": "standard"
              }
            ],
            "created_at": "2026-04-30T09:04:48Z",
            "deletion_protection": false,
            "enabled_cluster_log_types": [],
            "endpoint": "https://CC5208955F47C6116CBCB218A8B74FFA.sk1.us-east-1.eks.amazonaws.com",
            "id": "focusboard-eks-cluster",
            "identity": [
              {
                "oidc": [
                  {
                    "issuer": "https://oidc.eks.us-east-1.amazonaws.com/id/CC5208955F47C6116CBCB218A8B74FFA"
                  }
                ]
              }
            ],
            "kubernetes_network_config": [
              {
                "elastic_load_balancing": [
                  {
                    "enabled": false
                  }
                ],
                "ip_family": "ipv4",
                "service_ipv4_cidr": "10.100.0.0/16",
                "service_ipv6_cidr": ""
              }
            ],
            "name": "focusboard-eks-cluster",
            "outpost_config": [],
            "platform_version": "eks.10",
            "region": "us-east-1",
            "remote_network_config": [],
            "role_arn": "arn:aws:iam::557690612191:role/focusboard-eks-cluster-role",
            "status": "ACTIVE",
            "storage_config": [
              {
                "block_storage": [
                  {
                    "enabled": false
                  }
                ]
              }
            ],
            "tags": {
              "Name": "focusboard-eks-cluster",
              "Project": "focusboard"
            },
            "upgrade_policy": [
              {
                "support_type": "EXTENDED"
              }
            ],
            "version": "1.35",
            "vpc_config": [
              {
                "cluster_security_group_id": "sg-0e96772a9690e2482",
                "endpoint_private_access": false,
                "endpoint_public_access": true,
                "public_access_cidrs": [
                  "0.0.0.0/0"
                ],
                "security_group_ids": [],
                "subnet_ids": [
                  "subnet-03f8e36839a263ab8",
                  "subnet-07d4bee4e0b3a37d7"
                ],
                "vpc_id": "vpc-05b9fc4f0c956d7b8"
              }
            ],
            "zonal_shift_config": []
          },
          "sensitive_attributes": []
        }
      ]
    },
    {
      "mode": "data",
      "type": "aws_iam_role",
      "name": "eks_node_role",
      "provider": "provider[\"registry.terraform.io/hashicorp/aws\"]",
      "instances": [
        {
          "schema_version": 0,
          "attributes": {
            "arn": "arn:aws:iam::557690612191:role/focusboard-eks-node-role",
            "assume_role_policy": "{\"Version\":\"2012-10-17\",\"Statement\":[{\"Effect\":\"Allow\",\"Principal\":{\"Service\":\"ec2.amazonaws.com\"},\"Action\":\"sts:AssumeRole\"}]}",
            "create_date": "2026-04-30T09:04:46Z",
            "description": "",
            "id": "focusboard-eks-node-role",
            "max_session_duration": 3600,
            "name": "focusboard-eks-node-role",
            "path": "/",
            "permissions_boundary": "",
            "role_last_used": [
              {
                "last_used_date": "2026-04-30T09:17:02Z",
                "region": "us-east-1"
              }
            ],
            "tags": {},
            "unique_id": "AROAYDWHTNHPVJX46TATW"
          },
          "sensitive_attributes": []
        }
      ]
    },
    {
      "mode": "managed",
      "type": "kubernetes_config_map_v1_data",
      "name": "aws_auth",
      "provider": "provider[\"registry.terraform.io/hashicorp/kubernetes\"]",
      "instances": [
        {
          "schema_version": 0,
          "attributes": {
            "data": {
              "mapRoles": "- \"groups\":\n  - \"system:bootstrappers\"\n  - \"system:nodes\"\n  \"rolearn\": \"arn:aws:iam::557690612191:role/focusboard-eks-node-role\"\n  \"username\": \"system:node:{{EC2PrivateDNSName}}\"\n",
              "mapUsers": "- \"groups\":\n  - \"system:masters\"\n  \"userarn\": \"arn:aws:iam::557690612191:user/cluser\"\n  \"username\": \"admin\"\n"
            },
            "field_manager": "Terraform",
            "force": true,
            "id": "kube-system/aws-auth",
            "metadata": [
              {
                "name": "aws-auth",
                "namespace": "kube-system"
              }
            ]
          },
          "sensitive_attributes": [],
          "private": "bnVsbA==",
          "dependencies": [
            "data.aws_eks_cluster.focusboard",
            "data.aws_iam_role.eks_node_role"
          ]
        }
      ]
    },
    {
      "mode": "managed",
      "type": "kubernetes_storage_class_v1",
      "name": "ebs_gp3",
      "provider": "provider[\"registry.terraform.io/hashicorp/kubernetes\"]",
      "instances": [
        {
          "schema_version": 0,
          "attributes": {
            "allow_volume_expansion": true,
            "allowed_topologies": [],
            "id": "ebs-gp3",
            "metadata": [
              {
                "annotations": null,
                "generate_name": "",
                "generation": 0,
                "labels": null,
                "name": "ebs-gp3",
                "resource_version": "5209",
                "uid": "8dd91635-e2c3-41dc-8357-5218e4b1957b"
              }
            ],
            "mount_options": null,
            "parameters": {
              "encrypted": "true",
              "type": "gp3"
            },
            "reclaim_policy": "Retain",
            "storage_provisioner": "ebs.csi.aws.com",
            "volume_binding_mode": "WaitForFirstConsumer"
          },
          "sensitive_attributes": [],
          "private": "bnVsbA==",
          "dependencies": [
            "data.aws_eks_cluster.focusboard"
          ]
        }
      ]
    }
  ],
  "check_results": null
}
