{
  "version": 4,
  "terraform_version": "1.10.5",
  "serial": 1,
  "lineage": "f04db2c7-1bb2-03e8-770a-41bd834bdc91",
  "outputs": {
    "aws_auth_configmap_name": {
      "value": "aws-auth",
      "type": "string"
    },
    "cluster_name": {
      "value": "focusboard-eks-cluster",
      "type": "string"
    }
  },
  "resources": [
    {
      "mode": "data",
      "type": "aws_eks_cluster",
      "name": "focusboard",
      "provider": "provider[\"registry.terraform.io/hashicorp/aws\"]",
      "instances": [
        {
          "schema_version": 0,
          "attributes": {
            "access_config": [
              {
                "authentication_mode": "API_AND_CONFIG_MAP",
                "bootstrap_cluster_creator_admin_permissions": true
              }
            ],
            "arn": "arn:aws:eks:us-east-1:557690612191:cluster/focusboard-eks-cluster",
            "certificate_authority": [
              {
                "data": "LS0tLS1CRUdJTiBDRVJUSUZJQ0FURS0tLS0tCk1JSURCVENDQWUyZ0F3SUJBZ0lJWEc2ekVqV0ZHWTR3RFFZSktvWklodmNOQVFFTEJRQXdGVEVUTUJFR0ExVUUKQXhNS2EzVmlaWEp1WlhSbGN6QWVGdzB5TmpBME1qa3dOekl4TVRWYUZ3MHpOakEwTWpZd056STJNVFZhTUJVeApFekFSQmdOVkJBTVRDbXQxWW1WeWJtVjBaWE13Z2dFaU1BMEdDU3FHU0liM0RRRUJBUVVBQTRJQkR3QXdnZ0VLCkFvSUJBUURmakF4eHdUN25kNEJrWmhQaFBCelFqTTg1NUtsaExaOHVHOXZIUEwydFJRcW9YMlE3eXFXTjdISzcKaHkxYUVWenBzYmJ6aFNidXNYdFB3Wm8yb0MxeFNQK2JTcmdqM1ZtQXZ6N2dRbDFEbFNnNUZaQmloWTR4a0xNbAo3OEw4aURheHNkbVkvV3FzZDJ0VGt1QWVaVG91ajZrRkFUaGtQZ1ZnQkVYeVpCNytxaVJEWHlsdHRhMjgrWDNOCnpvMllZUHBOREpVSDBtellGMHBCY0hoYU9GMENkY2hKSzRYcVkzSGF0TUV2c3AxL3dVOUs3UVNUcFloVHhQWmEKZGJqYS9XZHBKNzZJQjlUWkl6Y3RrR3k2cWl5bXF4aHhJRzRUVEpYYTMxOCtEMTFQd2l4UHdQWi9pY0xqcUJndApVeWsydC9KR2MwUnE1U0tKTDFCVmMzZE11bGJGQWdNQkFBR2pXVEJYTUE0R0ExVWREd0VCL3dRRUF3SUNwREFQCkJnTlZIUk1CQWY4RUJUQURBUUgvTUIwR0ExVWREZ1FXQkJSdzVnaXJtcUkwb1VYTFJEa0xYQjZkR0E1Z1pEQVYKQmdOVkhSRUVEakFNZ2dwcmRXSmxjbTVsZEdWek1BMEdDU3FHU0liM0RRRUJDd1VBQTRJQkFRQzN1RFhobGpBVgo1T29qOGFiaWsyY0NJV3FmaUx2SlVYYThva0NKbVRpeW90ZVYwVEpwOHFacU9YWUJ3bjNPb0JhQmt3NndWUU91ClFha2EzUlAzcnFnOXBIdGVWV290SUpkYzVBZG1QejZ5eHI2eTVITHp4UmREdzlNK0VWbFFxQjNHQk8rbzh6ZVgKSGtMaUhwS2dZWmdKY0QwUWFuZVJzWHJZVUtSd3B1N25wSllPeGREZDVPY2pwdnUyZHVlNjNvbnFEUncxMWNjbApEWjF4am1FQlJRTTBqUlpYTUIxaTRMUGtkYUxmb1VhSktydk92SlJhWmFNT29PZmZwbDF3UXZ1S2s5bVhEY1N5CkcrbmNUMjJzcC9aM1hoaWVGK21HOXgxaGsxWkhSWGEzUnhMenRHdERvSXo1L2t4L05NdUxCQS9ZQjljS3oxUGcKMXFBRmhkWkp2NzRKCi0tLS0tRU5EIENFUlRJRklDQVRFLS0tLS0K"
              }
            ],
            "cluster_id": null,
            "compute_config": [
              {
                "enabled": false,
                "node_pools": [],
                "node_role_arn": ""
              }
            ],
            "control_plane_scaling_config": [
              {
                "tier": "standard"
              }
            ],
            "created_at": "2026-04-29T07:20:18Z",
            "deletion_protection": false,
            "enabled_cluster_log_types": [],
            "endpoint": "https://057236FA1190287F646DF1460F78F897.gr7.us-east-1.eks.amazonaws.com",
            "id": "focusboard-eks-cluster",
            "identity": [
              {
                "oidc": [
                  {
                    "issuer": "https://oidc.eks.us-east-1.amazonaws.com/id/057236FA1190287F646DF1460F78F897"
                  }
                ]
              }
            ],
            "kubernetes_network_config": [
              {
                "elastic_load_balancing": [
                  {
                    "enabled": false
                  }
                ],
                "ip_family": "ipv4",
                "service_ipv4_cidr": "10.100.0.0/16",
                "service_ipv6_cidr": ""
              }
            ],
            "name": "focusboard-eks-cluster",
            "outpost_config": [],
            "platform_version": "eks.10",
            "region": "us-east-1",
            "remote_network_config": [],
            "role_arn": "arn:aws:iam::557690612191:role/focusboard-eks-cluster-role",
            "status": "ACTIVE",
            "storage_config": [
              {
                "block_storage": [
                  {
                    "enabled": false
                  }
                ]
              }
            ],
            "tags": {
              "Name": "focusboard-eks-cluster",
              "Project": "focusboard"
            },
            "upgrade_policy": [
              {
                "support_type": "EXTENDED"
              }
            ],
            "version": "1.35",
            "vpc_config": [
              {
                "cluster_security_group_id": "sg-0d37d83557bae1c4a",
                "endpoint_private_access": false,
                "endpoint_public_access": true,
                "public_access_cidrs": [
                  "0.0.0.0/0"
                ],
                "security_group_ids": [],
                "subnet_ids": [
                  "subnet-03f8e36839a263ab8",
                  "subnet-07d4bee4e0b3a37d7"
                ],
                "vpc_id": "vpc-05b9fc4f0c956d7b8"
              }
            ],
            "zonal_shift_config": []
          },
          "sensitive_attributes": []
        }
      ]
    },
    {
      "mode": "data",
      "type": "aws_iam_role",
      "name": "eks_node_role",
      "provider": "provider[\"registry.terraform.io/hashicorp/aws\"]",
      "instances": [
        {
          "schema_version": 0,
          "attributes": {
            "arn": "arn:aws:iam::557690612191:role/focusboard-eks-node-role",
            "assume_role_policy": "{\"Version\":\"2012-10-17\",\"Statement\":[{\"Effect\":\"Allow\",\"Principal\":{\"Service\":\"ec2.amazonaws.com\"},\"Action\":\"sts:AssumeRole\"}]}",
            "create_date": "2026-04-29T07:20:15Z",
            "description": "",
            "id": "focusboard-eks-node-role",
            "max_session_duration": 3600,
            "name": "focusboard-eks-node-role",
            "path": "/",
            "permissions_boundary": "",
            "role_last_used": [
              {
                "last_used_date": "",
                "region": ""
              }
            ],
            "tags": {},
            "unique_id": "AROAYDWHTNHP6NCYCEHMY"
          },
          "sensitive_attributes": []
        }
      ]
    },
    {
      "mode": "managed",
      "type": "kubernetes_config_map_v1_data",
      "name": "aws_auth",
      "provider": "provider[\"registry.terraform.io/hashicorp/kubernetes\"]",
      "instances": [
        {
          "schema_version": 0,
          "attributes": {
            "data": {
              "mapRoles": "- \"groups\":\n  - \"system:bootstrappers\"\n  - \"system:nodes\"\n  \"rolearn\": \"arn:aws:iam::557690612191:role/focusboard-eks-node-role\"\n  \"username\": \"system:node:{{EC2PrivateDNSName}}\"\n",
              "mapUsers": "- \"groups\":\n  - \"system:masters\"\n  \"userarn\": \"arn:aws:iam::557690612191:user/cluser\"\n  \"username\": \"admin\"\n"
            },
            "field_manager": "Terraform",
            "force": true,
            "id": "kube-system/aws-auth",
            "metadata": [
              {
                "name": "aws-auth",
                "namespace": "kube-system"
              }
            ]
          },
          "sensitive_attributes": [],
          "private": "bnVsbA==",
          "dependencies": [
            "data.aws_eks_cluster.focusboard",
            "data.aws_iam_role.eks_node_role"
          ]
        }
      ]
    }
  ],
  "check_results": null
}
